{
  "name": "korgosketch",
  "version": "1.0.0",
  "lockfileVersion": 3,
  "requires": true,
  "packages": {
    "": {
      "name": "korgosketch",
      "version": "1.0.0",
      "license": "ISC",
      "dependencies": {
        "event-target-polyfill": "^0.0.4",
        "nanoid": "^5.1.6",
        "partyserver": "^0.1.0",
        "partysocket": "^1.1.10",
        "typescript": "^5.9.3"
      },
      "devDependencies": {}
    },
    "node_modules/@cloudflare/workers-types": {
      "version": "4.20251225.0",
      "resolved": "https://registry.npmjs.org/@cloudflare/workers-types/-/workers-types-4.20251225.0.tgz",
      "integrity": "sha512-ZZl0cNLFcsBRFKtMftKWOsfAybUYSeiTMzpQV1NlTVlByHAs1rGQt45Jw/qz8LrfHoq9PGTieSj9W350Gi4Pvg==",
      "license": "MIT OR Apache-2.0",
      "peer": true
    },
    "node_modules/event-target-polyfill": {
      "version": "0.0.4",
      "resolved": "https://registry.npmjs.org/event-target-polyfill/-/event-target-polyfill-0.0.4.tgz",
      "integrity": "sha512-Gs6RLjzlLRdT8X9ZipJdIZI/Y6/HhRLyq9RdDlCsnpxr/+Nn6bU2EFGuC94GjxqhM+Nmij2Vcq98yoHrU8uNFQ==",
      "license": "MIT"
    },
    "node_modules/nanoid": {
      "version": "5.1.6",
      "resolved": "https://registry.npmjs.org/nanoid/-/nanoid-5.1.6.tgz",
      "integrity": "sha512-c7+7RQ+dMB5dPwwCp4ee1/iV/q2P6aK1mTZcfr1BTuVlyW9hJYiMPybJCcnBlQtuSmTIWNeazm/zqNoZSSElBg==",
      "funding": [
        {
          "type": "github",
          "url": "https://github.com/sponsors/ai"
        }
      ],
      "license": "MIT",
      "bin": {
        "nanoid": "bin/nanoid.js"
      },
      "engines": {
        "node": "^18 || >=20"
      }
    },
    "node_modules/partyserver": {
      "version": "0.1.0",
      "resolved": "https://registry.npmjs.org/partyserver/-/partyserver-0.1.0.tgz",
      "integrity": "sha512-rtJ9ztQOglaheNfFUn+5RSZAoyC8se4LGq1SLWAE+zkk7w5Exw9bH0Aqh0HVewnyU3zuzinnbPNp+55DzA90yg==",
      "license": "ISC",
      "dependencies": {
        "nanoid": "^5.1.6"
      },
      "peerDependencies": {
        "@cloudflare/workers-types": "^4.20240729.0"
      }
    },
    "node_modules/partysocket": {
      "version": "1.1.10",
      "resolved": "https://registry.npmjs.org/partysocket/-/partysocket-1.1.10.tgz",
      "integrity": "sha512-ACfn0P6lQuj8/AqB4L5ZDFcIEbpnIteNNObrlxqV1Ge80GTGhjuJ2sNKwNQlFzhGi4kI7fP/C1Eqh8TR78HjDQ==",
      "license": "MIT",
      "dependencies": {
        "event-target-polyfill": "^0.0.4"
      }
    },
    "node_modules/typescript": {
      "version": "5.9.3",
      "resolved": "https://registry.npmjs.org/typescript/-/typescript-5.9.3.tgz",
      "integrity": "sha512-jl1vZzPDinLr9eUt3J/t7V6FgNEw9QjvBPdysz9KfQDD41fQrC2Y4vKQdiaUpFT4bXlb1RHhLpp8wtm6M5TgSw==",
      "license": "Apache-2.0",
      "bin": {
        "tsc": "bin/tsc",
        "tsserver": "bin/tsserver"
      },
      "engines": {
        "node": ">=14.17"
      }
    }
  }
}
